
Microsoft Visual Studio Solution File, Format Version 12.00
# Visual Studio Version 17
VisualStudioVersion = 17.8.34330.188
MinimumVisualStudioVersion = 10.0.40219.1
Project("{FAE04EC0-301F-11D3-BF4B-00C04F79EFBC}") = "PracticeModul", "PracticeModul\PracticeModul.csproj", "{AF0C467D-57F2-4CF6-AC18-4A923B958086}"
EndProject
Global
	GlobalSection(SolutionConfigurationPlatforms) = preSolution
		Debug|Any CPU = Debug|Any CPU
		Release|Any CPU = Release|Any CPU
	EndGlobalSection
	GlobalSection(ProjectConfigurationPlatforms) = postSolution
		{AF0C467D-57F2-4CF6-AC18-4A923B958086}.Debug|Any CPU.ActiveCfg = Debug|Any CPU
		{AF0C467D-57F2-4CF6-AC18-4A923B958086}.Debug|Any CPU.Build.0 = Debug|Any CPU
		{AF0C467D-57F2-4CF6-AC18-4A923B958086}.Release|Any CPU.ActiveCfg = Release|Any CPU
		{AF0C467D-57F2-4CF6-AC18-4A923B958086}.Release|Any CPU.Build.0 = Release|Any CPU
	EndGlobalSection
	GlobalSection(SolutionProperties) = preSolution
		HideSolutionNode = FALSE
	EndGlobalSection
	GlobalSection(ExtensibilityGlobals) = postSolution
		SolutionGuid = {931C96FF-2954-41B2-91A9-1FA484A14B8A}
	EndGlobalSection
EndGlobal
